
Microsoft Visual Studio Solution File, Format Version 12.00
# Visual Studio Version 17
VisualStudioVersion = 17.5.33414.496
MinimumVisualStudioVersion = 10.0.40219.1
Project("{2150E333-8FDC-42A3-9474-1A3956D46DE8}") = "Presentation", "Presentation", "{46B44C6D-9146-4A69-A3DE-33987E4DD3F6}"
EndProject
Project("{9A19103F-16F7-4668-BE54-9A1E7A4F7556}") = "Web", "src\Web\Web.csproj", "{C36A2719-3A38-47D9-89A1-DA87B04C9131}"
EndProject
Project("{2150E333-8FDC-42A3-9474-1A3956D46DE8}") = "Core", "Core", "{40D2195E-0AB7-4FE9-8C3F-58F915B1C83F}"
EndProject
Project("{9A19103F-16F7-4668-BE54-9A1E7A4F7556}") = "Domain", "src\Domain\Domain.csproj", "{8CF138DA-E127-4187-8888-EBDB70242DB1}"
EndProject
Project("{2150E333-8FDC-42A3-9474-1A3956D46DE8}") = "Infrastructure", "Infrastructure", "{B8004360-5A00-4379-9DAF-5BA018FF83FD}"
EndProject
Project("{9A19103F-16F7-4668-BE54-9A1E7A4F7556}") = "Persistence", "src\Persistence\Persistence.csproj", "{2CC09FBD-586E-4C6D-8171-D0CBB3E15E40}"
EndProject
Project("{2150E333-8FDC-42A3-9474-1A3956D46DE8}") = "Tests", "Tests", "{47EFC6B8-987D-445D-B0BE-82043570857F}"
EndProject
Project("{FAE04EC0-301F-11D3-BF4B-00C04F79EFBC}") = "UnitTests", "src\UnitTests\UnitTests.csproj", "{64BA6A98-6D72-49D4-994D-C64851F5E40D}"
EndProject
Project("{FAE04EC0-301F-11D3-BF4B-00C04F79EFBC}") = "IntegrationTests", "src\IntegrationTests\IntegrationTests.csproj", "{29F3D410-49A7-437A-AA5C-5316B72C7121}"
EndProject
Global
	GlobalSection(SolutionConfigurationPlatforms) = preSolution
		Debug|Any CPU = Debug|Any CPU
		Release|Any CPU = Release|Any CPU
	EndGlobalSection
	GlobalSection(ProjectConfigurationPlatforms) = postSolution
		{C36A2719-3A38-47D9-89A1-DA87B04C9131}.Debug|Any CPU.ActiveCfg = Debug|Any CPU
		{C36A2719-3A38-47D9-89A1-DA87B04C9131}.Debug|Any CPU.Build.0 = Debug|Any CPU
		{C36A2719-3A38-47D9-89A1-DA87B04C9131}.Release|Any CPU.ActiveCfg = Release|Any CPU
		{C36A2719-3A38-47D9-89A1-DA87B04C9131}.Release|Any CPU.Build.0 = Release|Any CPU
		{8CF138DA-E127-4187-8888-EBDB70242DB1}.Debug|Any CPU.ActiveCfg = Debug|Any CPU
		{8CF138DA-E127-4187-8888-EBDB70242DB1}.Debug|Any CPU.Build.0 = Debug|Any CPU
		{8CF138DA-E127-4187-8888-EBDB70242DB1}.Release|Any CPU.ActiveCfg = Release|Any CPU
		{8CF138DA-E127-4187-8888-EBDB70242DB1}.Release|Any CPU.Build.0 = Release|Any CPU
		{2CC09FBD-586E-4C6D-8171-D0CBB3E15E40}.Debug|Any CPU.ActiveCfg = Debug|Any CPU
		{2CC09FBD-586E-4C6D-8171-D0CBB3E15E40}.Debug|Any CPU.Build.0 = Debug|Any CPU
		{2CC09FBD-586E-4C6D-8171-D0CBB3E15E40}.Release|Any CPU.ActiveCfg = Release|Any CPU
		{2CC09FBD-586E-4C6D-8171-D0CBB3E15E40}.Release|Any CPU.Build.0 = Release|Any CPU
		{64BA6A98-6D72-49D4-994D-C64851F5E40D}.Debug|Any CPU.ActiveCfg = Debug|Any CPU
		{64BA6A98-6D72-49D4-994D-C64851F5E40D}.Debug|Any CPU.Build.0 = Debug|Any CPU
		{64BA6A98-6D72-49D4-994D-C64851F5E40D}.Release|Any CPU.ActiveCfg = Release|Any CPU
		{64BA6A98-6D72-49D4-994D-C64851F5E40D}.Release|Any CPU.Build.0 = Release|Any CPU
		{29F3D410-49A7-437A-AA5C-5316B72C7121}.Debug|Any CPU.ActiveCfg = Debug|Any CPU
		{29F3D410-49A7-437A-AA5C-5316B72C7121}.Debug|Any CPU.Build.0 = Debug|Any CPU
		{29F3D410-49A7-437A-AA5C-5316B72C7121}.Release|Any CPU.ActiveCfg = Release|Any CPU
		{29F3D410-49A7-437A-AA5C-5316B72C7121}.Release|Any CPU.Build.0 = Release|Any CPU
	EndGlobalSection
	GlobalSection(SolutionProperties) = preSolution
		HideSolutionNode = FALSE
	EndGlobalSection
	GlobalSection(NestedProjects) = preSolution
		{C36A2719-3A38-47D9-89A1-DA87B04C9131} = {46B44C6D-9146-4A69-A3DE-33987E4DD3F6}
		{8CF138DA-E127-4187-8888-EBDB70242DB1} = {40D2195E-0AB7-4FE9-8C3F-58F915B1C83F}
		{2CC09FBD-586E-4C6D-8171-D0CBB3E15E40} = {B8004360-5A00-4379-9DAF-5BA018FF83FD}
		{64BA6A98-6D72-49D4-994D-C64851F5E40D} = {47EFC6B8-987D-445D-B0BE-82043570857F}
		{29F3D410-49A7-437A-AA5C-5316B72C7121} = {47EFC6B8-987D-445D-B0BE-82043570857F}
	EndGlobalSection
	GlobalSection(ExtensibilityGlobals) = postSolution
		SolutionGuid = {EC57A531-30E1-4C93-881A-A434669F7CAE}
	EndGlobalSection
EndGlobal
